
Microsoft Visual Studio Solution File, Format Version 12.00
# Visual Studio 15
VisualStudioVersion = 15.0.28307.779
MinimumVisualStudioVersion = 10.0.40219.1
Project("{FAE04EC0-301F-11D3-BF4B-00C04F79EFBC}") = "RooftopActors", "RooftopActors\RooftopActors.csproj", "{B0EEB2A7-1750-4267-B443-3A411F775A8E}"
EndProject
Global
	GlobalSection(SolutionConfigurationPlatforms) = preSolution
		Debug|Any CPU = Debug|Any CPU
		Release|Any CPU = Release|Any CPU
	EndGlobalSection
	GlobalSection(ProjectConfigurationPlatforms) = postSolution
		{B0EEB2A7-1750-4267-B443-3A411F775A8E}.Debug|Any CPU.ActiveCfg = Debug|Any CPU
		{B0EEB2A7-1750-4267-B443-3A411F775A8E}.Debug|Any CPU.Build.0 = Debug|Any CPU
		{B0EEB2A7-1750-4267-B443-3A411F775A8E}.Release|Any CPU.ActiveCfg = Release|Any CPU
		{B0EEB2A7-1750-4267-B443-3A411F775A8E}.Release|Any CPU.Build.0 = Release|Any CPU
	EndGlobalSection
	GlobalSection(SolutionProperties) = preSolution
		HideSolutionNode = FALSE
	EndGlobalSection
	GlobalSection(ExtensibilityGlobals) = postSolution
		SolutionGuid = {ED20E81D-22BA-49B0-8FEB-DFC635FDDC9E}
	EndGlobalSection
EndGlobal
